
Microsoft Visual Studio Solution File, Format Version 12.00
# Visual Studio Version 16
VisualStudioVersion = 16.0.30413.136
MinimumVisualStudioVersion = 10.0.40219.1
Project("{9A19103F-16F7-4668-BE54-9A1E7A4F7556}") = "AllPics2gMaps", "AllPics2gMaps\AllPics2gMaps.csproj", "{A6238FB7-B843-4034-94D6-F56998BEC5A3}"
EndProject
Project("{FAE04EC0-301F-11D3-BF4B-00C04F79EFBC}") = "AllPics2gMaps.Tests", "AllPics2gMaps.Tests\AllPics2gMaps.Tests.csproj", "{A1F4CFB7-44F1-487B-909E-36694D82598E}"
EndProject
Global
	GlobalSection(SolutionConfigurationPlatforms) = preSolution
		Debug|Any CPU = Debug|Any CPU
		Release|Any CPU = Release|Any CPU
	EndGlobalSection
	GlobalSection(ProjectConfigurationPlatforms) = postSolution
		{A6238FB7-B843-4034-94D6-F56998BEC5A3}.Debug|Any CPU.ActiveCfg = Debug|Any CPU
		{A6238FB7-B843-4034-94D6-F56998BEC5A3}.Debug|Any CPU.Build.0 = Debug|Any CPU
		{A6238FB7-B843-4034-94D6-F56998BEC5A3}.Release|Any CPU.ActiveCfg = Release|Any CPU
		{A6238FB7-B843-4034-94D6-F56998BEC5A3}.Release|Any CPU.Build.0 = Release|Any CPU
		{A1F4CFB7-44F1-487B-909E-36694D82598E}.Debug|Any CPU.ActiveCfg = Debug|Any CPU
		{A1F4CFB7-44F1-487B-909E-36694D82598E}.Debug|Any CPU.Build.0 = Debug|Any CPU
		{A1F4CFB7-44F1-487B-909E-36694D82598E}.Release|Any CPU.ActiveCfg = Release|Any CPU
		{A1F4CFB7-44F1-487B-909E-36694D82598E}.Release|Any CPU.Build.0 = Release|Any CPU
	EndGlobalSection
	GlobalSection(SolutionProperties) = preSolution
		HideSolutionNode = FALSE
	EndGlobalSection
	GlobalSection(ExtensibilityGlobals) = postSolution
		SolutionGuid = {46BD7752-CED7-4E04-B7A6-CA03E8375647}
	EndGlobalSection
EndGlobal
